
Microsoft Visual Studio Solution File, Format Version 12.00
Project("{FAE04EC0-301F-11D3-BF4B-00C04F79EFBC}") = "BFF", "BFF\BFF.csproj", "{FEA3EECE-DC06-4F3B-A705-A85A863F6A8B}"
EndProject
Project("{FAE04EC0-301F-11D3-BF4B-00C04F79EFBC}") = "BFF.Component.Tests", "BFF.Component.Tests\BFF.Component.Tests.csproj", "{984D7644-5E6F-4C70-9616-3E5CF910F9FA}"
EndProject
Project("{FAE04EC0-301F-11D3-BF4B-00C04F79EFBC}") = "BFF.Contract.Tests", "BFF.Contract.Tests\BFF.Contract.Tests.csproj", "{6784612A-6C05-4E19-9FAD-F8A4296999E0}"
EndProject
Project("{FAE04EC0-301F-11D3-BF4B-00C04F79EFBC}") = "BFF.Tests", "BFF.Tests\BFF.Tests.csproj", "{5BB6B30A-6198-4B4A-AC3A-D9BB0610E2F4}"
EndProject
Project("{FAE04EC0-301F-11D3-BF4B-00C04F79EFBC}") = "BFF.Database.Migrations", "BFF.Database.Migrations\BFF.Database.Migrations.csproj", "{5C3A204E-205D-4589-8073-D15A1E66413C}"
EndProject
Global
	GlobalSection(SolutionConfigurationPlatforms) = preSolution
		Debug|Any CPU = Debug|Any CPU
		Release|Any CPU = Release|Any CPU
	EndGlobalSection
	GlobalSection(ProjectConfigurationPlatforms) = postSolution
		{FEA3EECE-DC06-4F3B-A705-A85A863F6A8B}.Debug|Any CPU.ActiveCfg = Debug|Any CPU
		{FEA3EECE-DC06-4F3B-A705-A85A863F6A8B}.Debug|Any CPU.Build.0 = Debug|Any CPU
		{FEA3EECE-DC06-4F3B-A705-A85A863F6A8B}.Release|Any CPU.ActiveCfg = Release|Any CPU
		{FEA3EECE-DC06-4F3B-A705-A85A863F6A8B}.Release|Any CPU.Build.0 = Release|Any CPU
		{984D7644-5E6F-4C70-9616-3E5CF910F9FA}.Debug|Any CPU.ActiveCfg = Debug|Any CPU
		{984D7644-5E6F-4C70-9616-3E5CF910F9FA}.Debug|Any CPU.Build.0 = Debug|Any CPU
		{984D7644-5E6F-4C70-9616-3E5CF910F9FA}.Release|Any CPU.ActiveCfg = Release|Any CPU
		{984D7644-5E6F-4C70-9616-3E5CF910F9FA}.Release|Any CPU.Build.0 = Release|Any CPU
		{6784612A-6C05-4E19-9FAD-F8A4296999E0}.Debug|Any CPU.ActiveCfg = Debug|Any CPU
		{6784612A-6C05-4E19-9FAD-F8A4296999E0}.Debug|Any CPU.Build.0 = Debug|Any CPU
		{6784612A-6C05-4E19-9FAD-F8A4296999E0}.Release|Any CPU.ActiveCfg = Release|Any CPU
		{6784612A-6C05-4E19-9FAD-F8A4296999E0}.Release|Any CPU.Build.0 = Release|Any CPU
		{5BB6B30A-6198-4B4A-AC3A-D9BB0610E2F4}.Debug|Any CPU.ActiveCfg = Debug|Any CPU
		{5BB6B30A-6198-4B4A-AC3A-D9BB0610E2F4}.Debug|Any CPU.Build.0 = Debug|Any CPU
		{5BB6B30A-6198-4B4A-AC3A-D9BB0610E2F4}.Release|Any CPU.ActiveCfg = Release|Any CPU
		{5BB6B30A-6198-4B4A-AC3A-D9BB0610E2F4}.Release|Any CPU.Build.0 = Release|Any CPU
		{5C3A204E-205D-4589-8073-D15A1E66413C}.Debug|Any CPU.ActiveCfg = Debug|Any CPU
		{5C3A204E-205D-4589-8073-D15A1E66413C}.Debug|Any CPU.Build.0 = Debug|Any CPU
		{5C3A204E-205D-4589-8073-D15A1E66413C}.Release|Any CPU.ActiveCfg = Release|Any CPU
		{5C3A204E-205D-4589-8073-D15A1E66413C}.Release|Any CPU.Build.0 = Release|Any CPU
	EndGlobalSection
EndGlobal
